// !$*UTF8*$!
{
	archiveVersion = 1;
	classes = {
	};
	objectVersion = 48;
	objects = {

/* Begin PBXBuildFile section */
		01CA435438A4E211D1EC8C26 /* libPods-PXHelperDemo.a in Frameworks */ = {isa = PBXBuildFile; fileRef = 56D3319AE4A8392FC1404F23 /* libPods-PXHelperDemo.a */; };
		DC4D66932058FFD800C3C257 /* PXMainTableViewCell.m in Sources */ = {isa = PBXBuildFile; fileRef = DC4D66912058FFD800C3C257 /* PXMainTableViewCell.m */; };
		DC4D66942058FFD800C3C257 /* PXMainTableViewCell.xib in Resources */ = {isa = PBXBuildFile; fileRef = DC4D66922058FFD800C3C257 /* PXMainTableViewCell.xib */; };
		DC638AAD2057B21300846CEF /* AppDelegate.m in Sources */ = {isa = PBXBuildFile; fileRef = DC638AAC2057B21300846CEF /* AppDelegate.m */; };
		DC638AB32057B21300846CEF /* Main.storyboard in Resources */ = {isa = PBXBuildFile; fileRef = DC638AB12057B21300846CEF /* Main.storyboard */; };
		DC638AB52057B21300846CEF /* Assets.xcassets in Resources */ = {isa = PBXBuildFile; fileRef = DC638AB42057B21300846CEF /* Assets.xcassets */; };
		DC638AB82057B21300846CEF /* LaunchScreen.storyboard in Resources */ = {isa = PBXBuildFile; fileRef = DC638AB62057B21300846CEF /* LaunchScreen.storyboard */; };
		DC638ABB2057B21300846CEF /* main.m in Sources */ = {isa = PBXBuildFile; fileRef = DC638ABA2057B21300846CEF /* main.m */; };
		DC638AC52057B21300846CEF /* PXHelperDemoTests.m in Sources */ = {isa = PBXBuildFile; fileRef = DC638AC42057B21300846CEF /* PXHelperDemoTests.m */; };
		DC638AD02057B21300846CEF /* PXHelperDemoUITests.m in Sources */ = {isa = PBXBuildFile; fileRef = DC638ACF2057B21300846CEF /* PXHelperDemoUITests.m */; };
		DC638AE52057B32300846CEF /* PXHomeViewController.m in Sources */ = {isa = PBXBuildFile; fileRef = DC638AE42057B32300846CEF /* PXHomeViewController.m */; };
		DC638AF52057B37E00846CEF /* PXMainSplitViewController.m in Sources */ = {isa = PBXBuildFile; fileRef = DC638AEE2057B37E00846CEF /* PXMainSplitViewController.m */; };
		DC638AF62057B37E00846CEF /* PXMainTableViewController.m in Sources */ = {isa = PBXBuildFile; fileRef = DC638AF02057B37E00846CEF /* PXMainTableViewController.m */; };
		DC638AF72057B37E00846CEF /* PXMainViewController.m in Sources */ = {isa = PBXBuildFile; fileRef = DC638AF22057B37E00846CEF /* PXMainViewController.m */; };
		DC638AF82057B37E00846CEF /* PXNavigationViewController.m in Sources */ = {isa = PBXBuildFile; fileRef = DC638AF42057B37E00846CEF /* PXNavigationViewController.m */; };
		DC638B032057B7E400846CEF /* AppDelegate+Category.m in Sources */ = {isa = PBXBuildFile; fileRef = DC638B022057B7E400846CEF /* AppDelegate+Category.m */; };
		DC638B0B2057BA4100846CEF /* PXDBModel.m in Sources */ = {isa = PBXBuildFile; fileRef = DC638B0A2057BA4100846CEF /* PXDBModel.m */; };
		DC94083A205FABF400F898EC /* AppDelegate+DownloadManager.m in Sources */ = {isa = PBXBuildFile; fileRef = DC940834205FABF400F898EC /* AppDelegate+DownloadManager.m */; };
		DC94083B205FABF400F898EC /* minion_01.mp4 in Resources */ = {isa = PBXBuildFile; fileRef = DC940835205FABF400F898EC /* minion_01.mp4 */; };
		DC94083C205FABF400F898EC /* YYDownloadManager.m in Sources */ = {isa = PBXBuildFile; fileRef = DC940837205FABF400F898EC /* YYDownloadManager.m */; };
		DC94083D205FABF400F898EC /* YYDownloadModel.m in Sources */ = {isa = PBXBuildFile; fileRef = DC940839205FABF400F898EC /* YYDownloadModel.m */; };
		DC940840205FB05F00F898EC /* UIDevice+Category.m in Sources */ = {isa = PBXBuildFile; fileRef = DC94083F205FB05F00F898EC /* UIDevice+Category.m */; };
		DCFF0CE9205B5AFD00A60796 /* AVFoundation.framework in Frameworks */ = {isa = PBXBuildFile; fileRef = DCFF0CE8205B5AFD00A60796 /* AVFoundation.framework */; };
		DCFF0CEB205B619F00A60796 /* minion_01.mp4 in Resources */ = {isa = PBXBuildFile; fileRef = DCFF0CEA205B619F00A60796 /* minion_01.mp4 */; };
		DCFF0CEE205B63D400A60796 /* PXPlayerViewController.m in Sources */ = {isa = PBXBuildFile; fileRef = DCFF0CED205B63D400A60796 /* PXPlayerViewController.m */; };
		DCFF0D35205B690500A60796 /* AVKit.framework in Frameworks */ = {isa = PBXBuildFile; fileRef = DCFF0D34205B690500A60796 /* AVKit.framework */; };
/* End PBXBuildFile section */

/* Begin PBXContainerItemProxy section */
		DC638AC12057B21300846CEF /* PBXContainerItemProxy */ = {
			isa = PBXContainerItemProxy;
			containerPortal = DC638AA02057B21300846CEF /* Project object */;
			proxyType = 1;
			remoteGlobalIDString = DC638AA72057B21300846CEF;
			remoteInfo = PXHelperDemo;
		};
		DC638ACC2057B21300846CEF /* PBXContainerItemProxy */ = {
			isa = PBXContainerItemProxy;
			containerPortal = DC638AA02057B21300846CEF /* Project object */;
			proxyType = 1;
			remoteGlobalIDString = DC638AA72057B21300846CEF;
			remoteInfo = PXHelperDemo;
		};
/* End PBXContainerItemProxy section */

/* Begin PBXFileReference section */
		46544029889E7E3089C90FB0 /* Pods-PXHelperDemo.release.xcconfig */ = {isa = PBXFileReference; includeInIndex = 1; lastKnownFileType = text.xcconfig; name = "Pods-PXHelperDemo.release.xcconfig"; path = "Pods/Target Support Files/Pods-PXHelperDemo/Pods-PXHelperDemo.release.xcconfig"; sourceTree = "<group>"; };
		56D3319AE4A8392FC1404F23 /* libPods-PXHelperDemo.a */ = {isa = PBXFileReference; explicitFileType = archive.ar; includeInIndex = 0; path = "libPods-PXHelperDemo.a"; sourceTree = BUILT_PRODUCTS_DIR; };
		62705108B9114CA85A66DF05 /* Pods-PXHelperDemo.debug.xcconfig */ = {isa = PBXFileReference; includeInIndex = 1; lastKnownFileType = text.xcconfig; name = "Pods-PXHelperDemo.debug.xcconfig"; path = "Pods/Target Support Files/Pods-PXHelperDemo/Pods-PXHelperDemo.debug.xcconfig"; sourceTree = "<group>"; };
		DC4D66902058FFD800C3C257 /* PXMainTableViewCell.h */ = {isa = PBXFileReference; lastKnownFileType = sourcecode.c.h; path = PXMainTableViewCell.h; sourceTree = "<group>"; };
		DC4D66912058FFD800C3C257 /* PXMainTableViewCell.m */ = {isa = PBXFileReference; lastKnownFileType = sourcecode.c.objc; path = PXMainTableViewCell.m; sourceTree = "<group>"; };
		DC4D66922058FFD800C3C257 /* PXMainTableViewCell.xib */ = {isa = PBXFileReference; lastKnownFileType = file.xib; path = PXMainTableViewCell.xib; sourceTree = "<group>"; };
		DC638AA82057B21300846CEF /* PXHelperDemo.app */ = {isa = PBXFileReference; explicitFileType = wrapper.application; includeInIndex = 0; path = PXHelperDemo.app; sourceTree = BUILT_PRODUCTS_DIR; };
		DC638AAB2057B21300846CEF /* AppDelegate.h */ = {isa = PBXFileReference; lastKnownFileType = sourcecode.c.h; path = AppDelegate.h; sourceTree = "<group>"; };
		DC638AAC2057B21300846CEF /* AppDelegate.m */ = {isa = PBXFileReference; lastKnownFileType = sourcecode.c.objc; path = AppDelegate.m; sourceTree = "<group>"; };
		DC638AB22057B21300846CEF /* Base */ = {isa = PBXFileReference; lastKnownFileType = file.storyboard; name = Base; path = Base.lproj/Main.storyboard; sourceTree = "<group>"; };
		DC638AB42057B21300846CEF /* Assets.xcassets */ = {isa = PBXFileReference; lastKnownFileType = folder.assetcatalog; path = Assets.xcassets; sourceTree = "<group>"; };
		DC638AB72057B21300846CEF /* Base */ = {isa = PBXFileReference; lastKnownFileType = file.storyboard; name = Base; path = Base.lproj/LaunchScreen.storyboard; sourceTree = "<group>"; };
		DC638AB92057B21300846CEF /* Info.plist */ = {isa = PBXFileReference; lastKnownFileType = text.plist.xml; path = Info.plist; sourceTree = "<group>"; };
		DC638ABA2057B21300846CEF /* main.m */ = {isa = PBXFileReference; lastKnownFileType = sourcecode.c.objc; path = main.m; sourceTree = "<group>"; };
		DC638AC02057B21300846CEF /* PXHelperDemoTests.xctest */ = {isa = PBXFileReference; explicitFileType = wrapper.cfbundle; includeInIndex = 0; path = PXHelperDemoTests.xctest; sourceTree = BUILT_PRODUCTS_DIR; };
		DC638AC42057B21300846CEF /* PXHelperDemoTests.m */ = {isa = PBXFileReference; lastKnownFileType = sourcecode.c.objc; path = PXHelperDemoTests.m; sourceTree = "<group>"; };
		DC638AC62057B21300846CEF /* Info.plist */ = {isa = PBXFileReference; lastKnownFileType = text.plist.xml; path = Info.plist; sourceTree = "<group>"; };
		DC638ACB2057B21300846CEF /* PXHelperDemoUITests.xctest */ = {isa = PBXFileReference; explicitFileType = wrapper.cfbundle; includeInIndex = 0; path = PXHelperDemoUITests.xctest; sourceTree = BUILT_PRODUCTS_DIR; };
		DC638ACF2057B21300846CEF /* PXHelperDemoUITests.m */ = {isa = PBXFileReference; lastKnownFileType = sourcecode.c.objc; path = PXHelperDemoUITests.m; sourceTree = "<group>"; };
		DC638AD12057B21300846CEF /* Info.plist */ = {isa = PBXFileReference; lastKnownFileType = text.plist.xml; path = Info.plist; sourceTree = "<group>"; };
		DC638AE32057B32300846CEF /* PXHomeViewController.h */ = {isa = PBXFileReference; lastKnownFileType = sourcecode.c.h; path = PXHomeViewController.h; sourceTree = "<group>"; };
		DC638AE42057B32300846CEF /* PXHomeViewController.m */ = {isa = PBXFileReference; lastKnownFileType = sourcecode.c.objc; path = PXHomeViewController.m; sourceTree = "<group>"; };
		DC638AED2057B37E00846CEF /* PXMainSplitViewController.h */ = {isa = PBXFileReference; fileEncoding = 4; lastKnownFileType = sourcecode.c.h; path = PXMainSplitViewController.h; sourceTree = "<group>"; };
		DC638AEE2057B37E00846CEF /* PXMainSplitViewController.m */ = {isa = PBXFileReference; fileEncoding = 4; lastKnownFileType = sourcecode.c.objc; path = PXMainSplitViewController.m; sourceTree = "<group>"; };
		DC638AEF2057B37E00846CEF /* PXMainTableViewController.h */ = {isa = PBXFileReference; fileEncoding = 4; lastKnownFileType = sourcecode.c.h; path = PXMainTableViewController.h; sourceTree = "<group>"; };
		DC638AF02057B37E00846CEF /* PXMainTableViewController.m */ = {isa = PBXFileReference; fileEncoding = 4; lastKnownFileType = sourcecode.c.objc; path = PXMainTableViewController.m; sourceTree = "<group>"; };
		DC638AF12057B37E00846CEF /* PXMainViewController.h */ = {isa = PBXFileReference; fileEncoding = 4; lastKnownFileType = sourcecode.c.h; path = PXMainViewController.h; sourceTree = "<group>"; };
		DC638AF22057B37E00846CEF /* PXMainViewController.m */ = {isa = PBXFileReference; fileEncoding = 4; lastKnownFileType = sourcecode.c.objc; path = PXMainViewController.m; sourceTree = "<group>"; };
		DC638AF32057B37E00846CEF /* PXNavigationViewController.h */ = {isa = PBXFileReference; fileEncoding = 4; lastKnownFileType = sourcecode.c.h; path = PXNavigationViewController.h; sourceTree = "<group>"; };
		DC638AF42057B37E00846CEF /* PXNavigationViewController.m */ = {isa = PBXFileReference; fileEncoding = 4; lastKnownFileType = sourcecode.c.objc; path = PXNavigationViewController.m; sourceTree = "<group>"; };
		DC638B012057B7E400846CEF /* AppDelegate+Category.h */ = {isa = PBXFileReference; lastKnownFileType = sourcecode.c.h; path = "AppDelegate+Category.h"; sourceTree = "<group>"; };
		DC638B022057B7E400846CEF /* AppDelegate+Category.m */ = {isa = PBXFileReference; lastKnownFileType = sourcecode.c.objc; path = "AppDelegate+Category.m"; sourceTree = "<group>"; };
		DC638B082057B8AC00846CEF /* PrefixHeader.pch */ = {isa = PBXFileReference; lastKnownFileType = sourcecode.c.h; path = PrefixHeader.pch; sourceTree = "<group>"; };
		DC638B092057BA4100846CEF /* PXDBModel.h */ = {isa = PBXFileReference; lastKnownFileType = sourcecode.c.h; path = PXDBModel.h; sourceTree = "<group>"; };
		DC638B0A2057BA4100846CEF /* PXDBModel.m */ = {isa = PBXFileReference; lastKnownFileType = sourcecode.c.objc; path = PXDBModel.m; sourceTree = "<group>"; };
		DC940833205FABF400F898EC /* AppDelegate+DownloadManager.h */ = {isa = PBXFileReference; fileEncoding = 4; lastKnownFileType = sourcecode.c.h; path = "AppDelegate+DownloadManager.h"; sourceTree = "<group>"; };
		DC940834205FABF400F898EC /* AppDelegate+DownloadManager.m */ = {isa = PBXFileReference; fileEncoding = 4; lastKnownFileType = sourcecode.c.objc; path = "AppDelegate+DownloadManager.m"; sourceTree = "<group>"; };
		DC940835205FABF400F898EC /* minion_01.mp4 */ = {isa = PBXFileReference; lastKnownFileType = file; path = minion_01.mp4; sourceTree = "<group>"; };
		DC940836205FABF400F898EC /* YYDownloadManager.h */ = {isa = PBXFileReference; fileEncoding = 4; lastKnownFileType = sourcecode.c.h; path = YYDownloadManager.h; sourceTree = "<group>"; };
		DC940837205FABF400F898EC /* YYDownloadManager.m */ = {isa = PBXFileReference; fileEncoding = 4; lastKnownFileType = sourcecode.c.objc; path = YYDownloadManager.m; sourceTree = "<group>"; };
		DC940838205FABF400F898EC /* YYDownloadModel.h */ = {isa = PBXFileReference; fileEncoding = 4; lastKnownFileType = sourcecode.c.h; path = YYDownloadModel.h; sourceTree = "<group>"; };
		DC940839205FABF400F898EC /* YYDownloadModel.m */ = {isa = PBXFileReference; fileEncoding = 4; lastKnownFileType = sourcecode.c.objc; path = YYDownloadModel.m; sourceTree = "<group>"; };
		DC94083E205FB05F00F898EC /* UIDevice+Category.h */ = {isa = PBXFileReference; lastKnownFileType = sourcecode.c.h; path = "UIDevice+Category.h"; sourceTree = "<group>"; };
		DC94083F205FB05F00F898EC /* UIDevice+Category.m */ = {isa = PBXFileReference; lastKnownFileType = sourcecode.c.objc; path = "UIDevice+Category.m"; sourceTree = "<group>"; };
		DCFF0CE8205B5AFD00A60796 /* AVFoundation.framework */ = {isa = PBXFileReference; lastKnownFileType = wrapper.framework; name = AVFoundation.framework; path = System/Library/Frameworks/AVFoundation.framework; sourceTree = SDKROOT; };
		DCFF0CEA205B619F00A60796 /* minion_01.mp4 */ = {isa = PBXFileReference; lastKnownFileType = file; path = minion_01.mp4; sourceTree = "<group>"; };
		DCFF0CEC205B63D400A60796 /* PXPlayerViewController.h */ = {isa = PBXFileReference; lastKnownFileType = sourcecode.c.h; path = PXPlayerViewController.h; sourceTree = "<group>"; };
		DCFF0CED205B63D400A60796 /* PXPlayerViewController.m */ = {isa = PBXFileReference; lastKnownFileType = sourcecode.c.objc; path = PXPlayerViewController.m; sourceTree = "<group>"; };
		DCFF0D34205B690500A60796 /* AVKit.framework */ = {isa = PBXFileReference; lastKnownFileType = wrapper.framework; name = AVKit.framework; path = System/Library/Frameworks/AVKit.framework; sourceTree = SDKROOT; };
/* End PBXFileReference section */

/* Begin PBXFrameworksBuildPhase section */
		DC638AA52057B21300846CEF /* Frameworks */ = {
			isa = PBXFrameworksBuildPhase;
			buildActionMask = 2147483647;
			files = (
				DCFF0D35205B690500A60796 /* AVKit.framework in Frameworks */,
				DCFF0CE9205B5AFD00A60796 /* AVFoundation.framework in Frameworks */,
				01CA435438A4E211D1EC8C26 /* libPods-PXHelperDemo.a in Frameworks */,
			);
			runOnlyForDeploymentPostprocessing = 0;
		};
		DC638ABD2057B21300846CEF /* Frameworks */ = {
			isa = PBXFrameworksBuildPhase;
			buildActionMask = 2147483647;
			files = (
			);
			runOnlyForDeploymentPostprocessing = 0;
		};
		DC638AC82057B21300846CEF /* Frameworks */ = {
			isa = PBXFrameworksBuildPhase;
			buildActionMask = 2147483647;
			files = (
			);
			runOnlyForDeploymentPostprocessing = 0;
		};
/* End PBXFrameworksBuildPhase section */

/* Begin PBXGroup section */
		709B74CE73EFE3B1551CFD18 /* Pods */ = {
			isa = PBXGroup;
			children = (
				62705108B9114CA85A66DF05 /* Pods-PXHelperDemo.debug.xcconfig */,
				46544029889E7E3089C90FB0 /* Pods-PXHelperDemo.release.xcconfig */,
			);
			name = Pods;
			sourceTree = "<group>";
		};
		970541598A3AC47A0F697B6A /* Frameworks */ = {
			isa = PBXGroup;
			children = (
				DCFF0D34205B690500A60796 /* AVKit.framework */,
				DCFF0CE8205B5AFD00A60796 /* AVFoundation.framework */,
				56D3319AE4A8392FC1404F23 /* libPods-PXHelperDemo.a */,
			);
			name = Frameworks;
			sourceTree = "<group>";
		};
		DC638A9F2057B21200846CEF = {
			isa = PBXGroup;
			children = (
				DC638AAA2057B21300846CEF /* PXHelperDemo */,
				DC638AC32057B21300846CEF /* PXHelperDemoTests */,
				DC638ACE2057B21300846CEF /* PXHelperDemoUITests */,
				DC638AA92057B21300846CEF /* Products */,
				709B74CE73EFE3B1551CFD18 /* Pods */,
				970541598A3AC47A0F697B6A /* Frameworks */,
			);
			sourceTree = "<group>";
		};
		DC638AA92057B21300846CEF /* Products */ = {
			isa = PBXGroup;
			children = (
				DC638AA82057B21300846CEF /* PXHelperDemo.app */,
				DC638AC02057B21300846CEF /* PXHelperDemoTests.xctest */,
				DC638ACB2057B21300846CEF /* PXHelperDemoUITests.xctest */,
			);
			name = Products;
			sourceTree = "<group>";
		};
		DC638AAA2057B21300846CEF /* PXHelperDemo */ = {
			isa = PBXGroup;
			children = (
				DCFF0CEA205B619F00A60796 /* minion_01.mp4 */,
				DC638B042057B87500846CEF /* Tools */,
				DC638AEC2057B37E00846CEF /* Main */,
				DC638AAB2057B21300846CEF /* AppDelegate.h */,
				DC638AAC2057B21300846CEF /* AppDelegate.m */,
				DC638B012057B7E400846CEF /* AppDelegate+Category.h */,
				DC638B022057B7E400846CEF /* AppDelegate+Category.m */,
				DC94083E205FB05F00F898EC /* UIDevice+Category.h */,
				DC94083F205FB05F00F898EC /* UIDevice+Category.m */,
				DC638B092057BA4100846CEF /* PXDBModel.h */,
				DC638B0A2057BA4100846CEF /* PXDBModel.m */,
				DC638AE32057B32300846CEF /* PXHomeViewController.h */,
				DC638AE42057B32300846CEF /* PXHomeViewController.m */,
				DC638B082057B8AC00846CEF /* PrefixHeader.pch */,
				DC638AB12057B21300846CEF /* Main.storyboard */,
				DC638AB42057B21300846CEF /* Assets.xcassets */,
				DC638AB62057B21300846CEF /* LaunchScreen.storyboard */,
				DC638AB92057B21300846CEF /* Info.plist */,
				DC638ABA2057B21300846CEF /* main.m */,
			);
			path = PXHelperDemo;
			sourceTree = "<group>";
		};
		DC638AC32057B21300846CEF /* PXHelperDemoTests */ = {
			isa = PBXGroup;
			children = (
				DC638AC42057B21300846CEF /* PXHelperDemoTests.m */,
				DC638AC62057B21300846CEF /* Info.plist */,
			);
			path = PXHelperDemoTests;
			sourceTree = "<group>";
		};
		DC638ACE2057B21300846CEF /* PXHelperDemoUITests */ = {
			isa = PBXGroup;
			children = (
				DC638ACF2057B21300846CEF /* PXHelperDemoUITests.m */,
				DC638AD12057B21300846CEF /* Info.plist */,
			);
			path = PXHelperDemoUITests;
			sourceTree = "<group>";
		};
		DC638AEC2057B37E00846CEF /* Main */ = {
			isa = PBXGroup;
			children = (
				DC638AED2057B37E00846CEF /* PXMainSplitViewController.h */,
				DC638AEE2057B37E00846CEF /* PXMainSplitViewController.m */,
				DC638AEF2057B37E00846CEF /* PXMainTableViewController.h */,
				DC638AF02057B37E00846CEF /* PXMainTableViewController.m */,
				DC4D66902058FFD800C3C257 /* PXMainTableViewCell.h */,
				DC4D66912058FFD800C3C257 /* PXMainTableViewCell.m */,
				DC4D66922058FFD800C3C257 /* PXMainTableViewCell.xib */,
				DC638AF12057B37E00846CEF /* PXMainViewController.h */,
				DC638AF22057B37E00846CEF /* PXMainViewController.m */,
				DCFF0CEC205B63D400A60796 /* PXPlayerViewController.h */,
				DCFF0CED205B63D400A60796 /* PXPlayerViewController.m */,
				DC638AF32057B37E00846CEF /* PXNavigationViewController.h */,
				DC638AF42057B37E00846CEF /* PXNavigationViewController.m */,
			);
			path = Main;
			sourceTree = "<group>";
		};
		DC638B042057B87500846CEF /* Tools */ = {
			isa = PBXGroup;
			children = (
				DC940832205FABF400F898EC /* YYDownloadManager */,
			);
			path = Tools;
			sourceTree = "<group>";
		};
		DC940832205FABF400F898EC /* YYDownloadManager */ = {
			isa = PBXGroup;
			children = (
				DC940833205FABF400F898EC /* AppDelegate+DownloadManager.h */,
				DC940834205FABF400F898EC /* AppDelegate+DownloadManager.m */,
				DC940835205FABF400F898EC /* minion_01.mp4 */,
				DC940836205FABF400F898EC /* YYDownloadManager.h */,
				DC940837205FABF400F898EC /* YYDownloadManager.m */,
				DC940838205FABF400F898EC /* YYDownloadModel.h */,
				DC940839205FABF400F898EC /* YYDownloadModel.m */,
			);
			path = YYDownloadManager;
			sourceTree = "<group>";
		};
/* End PBXGroup section */

/* Begin PBXNativeTarget section */
		DC638AA72057B21300846CEF /* PXHelperDemo */ = {
			isa = PBXNativeTarget;
			buildConfigurationList = DC638AD42057B21300846CEF /* Build configuration list for PBXNativeTarget "PXHelperDemo" */;
			buildPhases = (
				F3DF644A540D6F1D75B5ABB4 /* [CP] Check Pods Manifest.lock */,
				DC638AA42057B21300846CEF /* Sources */,
				DC638AA52057B21300846CEF /* Frameworks */,
				DC638AA62057B21300846CEF /* Resources */,
				376761B4A2616A6415918535 /* [CP] Embed Pods Frameworks */,
				1E62113C16C2334CEB4DC9E8 /* [CP] Copy Pods Resources */,
			);
			buildRules = (
			);
			dependencies = (
			);
			name = PXHelperDemo;
			productName = PXHelperDemo;
			productReference = DC638AA82057B21300846CEF /* PXHelperDemo.app */;
			productType = "com.apple.product-type.application";
		};
		DC638ABF2057B21300846CEF /* PXHelperDemoTests */ = {
			isa = PBXNativeTarget;
			buildConfigurationList = DC638AD72057B21300846CEF /* Build configuration list for PBXNativeTarget "PXHelperDemoTests" */;
			buildPhases = (
				DC638ABC2057B21300846CEF /* Sources */,
				DC638ABD2057B21300846CEF /* Frameworks */,
				DC638ABE2057B21300846CEF /* Resources */,
			);
			buildRules = (
			);
			dependencies = (
				DC638AC22057B21300846CEF /* PBXTargetDependency */,
			);
			name = PXHelperDemoTests;
			productName = PXHelperDemoTests;
			productReference = DC638AC02057B21300846CEF /* PXHelperDemoTests.xctest */;
			productType = "com.apple.product-type.bundle.unit-test";
		};
		DC638ACA2057B21300846CEF /* PXHelperDemoUITests */ = {
			isa = PBXNativeTarget;
			buildConfigurationList = DC638ADA2057B21300846CEF /* Build configuration list for PBXNativeTarget "PXHelperDemoUITests" */;
			buildPhases = (
				DC638AC72057B21300846CEF /* Sources */,
				DC638AC82057B21300846CEF /* Frameworks */,
				DC638AC92057B21300846CEF /* Resources */,
			);
			buildRules = (
			);
			dependencies = (
				DC638ACD2057B21300846CEF /* PBXTargetDependency */,
			);
			name = PXHelperDemoUITests;
			productName = PXHelperDemoUITests;
			productReference = DC638ACB2057B21300846CEF /* PXHelperDemoUITests.xctest */;
			productType = "com.apple.product-type.bundle.ui-testing";
		};
/* End PBXNativeTarget section */

/* Begin PBXProject section */
		DC638AA02057B21300846CEF /* Project object */ = {
			isa = PBXProject;
			attributes = {
				LastUpgradeCheck = 0920;
				ORGANIZATIONNAME = "侯佳男";
				TargetAttributes = {
					DC638AA72057B21300846CEF = {
						CreatedOnToolsVersion = 9.2;
						ProvisioningStyle = Automatic;
					};
					DC638ABF2057B21300846CEF = {
						CreatedOnToolsVersion = 9.2;
						ProvisioningStyle = Automatic;
						TestTargetID = DC638AA72057B21300846CEF;
					};
					DC638ACA2057B21300846CEF = {
						CreatedOnToolsVersion = 9.2;
						ProvisioningStyle = Automatic;
						TestTargetID = DC638AA72057B21300846CEF;
					};
				};
			};
			buildConfigurationList = DC638AA32057B21300846CEF /* Build configuration list for PBXProject "PXHelperDemo" */;
			compatibilityVersion = "Xcode 8.0";
			developmentRegion = en;
			hasScannedForEncodings = 0;
			knownRegions = (
				en,
				Base,
			);
			mainGroup = DC638A9F2057B21200846CEF;
			productRefGroup = DC638AA92057B21300846CEF /* Products */;
			projectDirPath = "";
			projectRoot = "";
			targets = (
				DC638AA72057B21300846CEF /* PXHelperDemo */,
				DC638ABF2057B21300846CEF /* PXHelperDemoTests */,
				DC638ACA2057B21300846CEF /* PXHelperDemoUITests */,
			);
		};
/* End PBXProject section */

/* Begin PBXResourcesBuildPhase section */
		DC638AA62057B21300846CEF /* Resources */ = {
			isa = PBXResourcesBuildPhase;
			buildActionMask = 2147483647;
			files = (
				DC4D66942058FFD800C3C257 /* PXMainTableViewCell.xib in Resources */,
				DC638AB82057B21300846CEF /* LaunchScreen.storyboard in Resources */,
				DC94083B205FABF400F898EC /* minion_01.mp4 in Resources */,
				DCFF0CEB205B619F00A60796 /* minion_01.mp4 in Resources */,
				DC638AB52057B21300846CEF /* Assets.xcassets in Resources */,
				DC638AB32057B21300846CEF /* Main.storyboard in Resources */,
			);
			runOnlyForDeploymentPostprocessing = 0;
		};
		DC638ABE2057B21300846CEF /* Resources */ = {
			isa = PBXResourcesBuildPhase;
			buildActionMask = 2147483647;
			files = (
			);
			runOnlyForDeploymentPostprocessing = 0;
		};
		DC638AC92057B21300846CEF /* Resources */ = {
			isa = PBXResourcesBuildPhase;
			buildActionMask = 2147483647;
			files = (
			);
			runOnlyForDeploymentPostprocessing = 0;
		};
/* End PBXResourcesBuildPhase section */

/* Begin PBXShellScriptBuildPhase section */
		1E62113C16C2334CEB4DC9E8 /* [CP] Copy Pods Resources */ = {
			isa = PBXShellScriptBuildPhase;
			buildActionMask = 2147483647;
			files = (
			);
			inputPaths = (
				"${SRCROOT}/Pods/Target Support Files/Pods-PXHelperDemo/Pods-PXHelperDemo-resources.sh",
				"${PODS_ROOT}/MJRefresh/MJRefresh/MJRefresh.bundle",
				"${PODS_ROOT}/SVProgressHUD/SVProgressHUD/SVProgressHUD.bundle",
			);
			name = "[CP] Copy Pods Resources";
			outputPaths = (
				"${TARGET_BUILD_DIR}/${UNLOCALIZED_RESOURCES_FOLDER_PATH}/MJRefresh.bundle",
				"${TARGET_BUILD_DIR}/${UNLOCALIZED_RESOURCES_FOLDER_PATH}/SVProgressHUD.bundle",
			);
			runOnlyForDeploymentPostprocessing = 0;
			shellPath = /bin/sh;
			shellScript = "\"${SRCROOT}/Pods/Target Support Files/Pods-PXHelperDemo/Pods-PXHelperDemo-resources.sh\"\n";
			showEnvVarsInLog = 0;
		};
		376761B4A2616A6415918535 /* [CP] Embed Pods Frameworks */ = {
			isa = PBXShellScriptBuildPhase;
			buildActionMask = 2147483647;
			files = (
			);
			inputPaths = (
			);
			name = "[CP] Embed Pods Frameworks";
			outputPaths = (
			);
			runOnlyForDeploymentPostprocessing = 0;
			shellPath = /bin/sh;
			shellScript = "\"${SRCROOT}/Pods/Target Support Files/Pods-PXHelperDemo/Pods-PXHelperDemo-frameworks.sh\"\n";
			showEnvVarsInLog = 0;
		};
		F3DF644A540D6F1D75B5ABB4 /* [CP] Check Pods Manifest.lock */ = {
			isa = PBXShellScriptBuildPhase;
			buildActionMask = 2147483647;
			files = (
			);
			inputPaths = (
				"${PODS_PODFILE_DIR_PATH}/Podfile.lock",
				"${PODS_ROOT}/Manifest.lock",
			);
			name = "[CP] Check Pods Manifest.lock";
			outputPaths = (
				"$(DERIVED_FILE_DIR)/Pods-PXHelperDemo-checkManifestLockResult.txt",
			);
			runOnlyForDeploymentPostprocessing = 0;
			shellPath = /bin/sh;
			shellScript = "diff \"${PODS_PODFILE_DIR_PATH}/Podfile.lock\" \"${PODS_ROOT}/Manifest.lock\" > /dev/null\nif [ $? != 0 ] ; then\n    # print error to STDERR\n    echo \"error: The sandbox is not in sync with the Podfile.lock. Run 'pod install' or update your CocoaPods installation.\" >&2\n    exit 1\nfi\n# This output is used by Xcode 'outputs' to avoid re-running this script phase.\necho \"SUCCESS\" > \"${SCRIPT_OUTPUT_FILE_0}\"\n";
			showEnvVarsInLog = 0;
		};
/* End PBXShellScriptBuildPhase section */

/* Begin PBXSourcesBuildPhase section */
		DC638AA42057B21300846CEF /* Sources */ = {
			isa = PBXSourcesBuildPhase;
			buildActionMask = 2147483647;
			files = (
				DC638ABB2057B21300846CEF /* main.m in Sources */,
				DC638AE52057B32300846CEF /* PXHomeViewController.m in Sources */,
				DC94083A205FABF400F898EC /* AppDelegate+DownloadManager.m in Sources */,
				DC4D66932058FFD800C3C257 /* PXMainTableViewCell.m in Sources */,
				DCFF0CEE205B63D400A60796 /* PXPlayerViewController.m in Sources */,
				DC638B0B2057BA4100846CEF /* PXDBModel.m in Sources */,
				DC94083C205FABF400F898EC /* YYDownloadManager.m in Sources */,
				DC638AF62057B37E00846CEF /* PXMainTableViewController.m in Sources */,
				DC638AF52057B37E00846CEF /* PXMainSplitViewController.m in Sources */,
				DC94083D205FABF400F898EC /* YYDownloadModel.m in Sources */,
				DC638AF82057B37E00846CEF /* PXNavigationViewController.m in Sources */,
				DC940840205FB05F00F898EC /* UIDevice+Category.m in Sources */,
				DC638AAD2057B21300846CEF /* AppDelegate.m in Sources */,
				DC638B032057B7E400846CEF /* AppDelegate+Category.m in Sources */,
				DC638AF72057B37E00846CEF /* PXMainViewController.m in Sources */,
			);
			runOnlyForDeploymentPostprocessing = 0;
		};
		DC638ABC2057B21300846CEF /* Sources */ = {
			isa = PBXSourcesBuildPhase;
			buildActionMask = 2147483647;
			files = (
				DC638AC52057B21300846CEF /* PXHelperDemoTests.m in Sources */,
			);
			runOnlyForDeploymentPostprocessing = 0;
		};
		DC638AC72057B21300846CEF /* Sources */ = {
			isa = PBXSourcesBuildPhase;
			buildActionMask = 2147483647;
			files = (
				DC638AD02057B21300846CEF /* PXHelperDemoUITests.m in Sources */,
			);
			runOnlyForDeploymentPostprocessing = 0;
		};
/* End PBXSourcesBuildPhase section */

/* Begin PBXTargetDependency section */
		DC638AC22057B21300846CEF /* PBXTargetDependency */ = {
			isa = PBXTargetDependency;
			target = DC638AA72057B21300846CEF /* PXHelperDemo */;
			targetProxy = DC638AC12057B21300846CEF /* PBXContainerItemProxy */;
		};
		DC638ACD2057B21300846CEF /* PBXTargetDependency */ = {
			isa = PBXTargetDependency;
			target = DC638AA72057B21300846CEF /* PXHelperDemo */;
			targetProxy = DC638ACC2057B21300846CEF /* PBXContainerItemProxy */;
		};
/* End PBXTargetDependency section */

/* Begin PBXVariantGroup section */
		DC638AB12057B21300846CEF /* Main.storyboard */ = {
			isa = PBXVariantGroup;
			children = (
				DC638AB22057B21300846CEF /* Base */,
			);
			name = Main.storyboard;
			sourceTree = "<group>";
		};
		DC638AB62057B21300846CEF /* LaunchScreen.storyboard */ = {
			isa = PBXVariantGroup;
			children = (
				DC638AB72057B21300846CEF /* Base */,
			);
			name = LaunchScreen.storyboard;
			sourceTree = "<group>";
		};
/* End PBXVariantGroup section */

/* Begin XCBuildConfiguration section */
		DC638AD22057B21300846CEF /* Debug */ = {
			isa = XCBuildConfiguration;
			buildSettings = {
				ALWAYS_SEARCH_USER_PATHS = NO;
				CLANG_ANALYZER_NONNULL = YES;
				CLANG_ANALYZER_NUMBER_OBJECT_CONVERSION = YES_AGGRESSIVE;
				CLANG_CXX_LANGUAGE_STANDARD = "gnu++14";
				CLANG_CXX_LIBRARY = "libc++";
				CLANG_ENABLE_MODULES = YES;
				CLANG_ENABLE_OBJC_ARC = YES;
				CLANG_WARN_BLOCK_CAPTURE_AUTORELEASING = YES;
				CLANG_WARN_BOOL_CONVERSION = YES;
				CLANG_WARN_COMMA = YES;
				CLANG_WARN_CONSTANT_CONVERSION = YES;
				CLANG_WARN_DIRECT_OBJC_ISA_USAGE = YES_ERROR;
				CLANG_WARN_DOCUMENTATION_COMMENTS = YES;
				CLANG_WARN_EMPTY_BODY = YES;
				CLANG_WARN_ENUM_CONVERSION = YES;
				CLANG_WARN_INFINITE_RECURSION = YES;
				CLANG_WARN_INT_CONVERSION = YES;
				CLANG_WARN_NON_LITERAL_NULL_CONVERSION = YES;
				CLANG_WARN_OBJC_LITERAL_CONVERSION = YES;
				CLANG_WARN_OBJC_ROOT_CLASS = YES_ERROR;
				CLANG_WARN_RANGE_LOOP_ANALYSIS = YES;
				CLANG_WARN_STRICT_PROTOTYPES = YES;
				CLANG_WARN_SUSPICIOUS_MOVE = YES;
				CLANG_WARN_UNGUARDED_AVAILABILITY = YES_AGGRESSIVE;
				CLANG_WARN_UNREACHABLE_CODE = YES;
				CLANG_WARN__DUPLICATE_METHOD_MATCH = YES;
				CODE_SIGN_IDENTITY = "iPhone Developer";
				COPY_PHASE_STRIP = NO;
				DEBUG_INFORMATION_FORMAT = dwarf;
				ENABLE_STRICT_OBJC_MSGSEND = YES;
				ENABLE_TESTABILITY = YES;
				GCC_C_LANGUAGE_STANDARD = gnu11;
				GCC_DYNAMIC_NO_PIC = NO;
				GCC_NO_COMMON_BLOCKS = YES;
				GCC_OPTIMIZATION_LEVEL = 0;
				GCC_PREPROCESSOR_DEFINITIONS = (
					"DEBUG=1",
					"$(inherited)",
				);
				GCC_WARN_64_TO_32_BIT_CONVERSION = YES;
				GCC_WARN_ABOUT_RETURN_TYPE = YES_ERROR;
				GCC_WARN_UNDECLARED_SELECTOR = YES;
				GCC_WARN_UNINITIALIZED_AUTOS = YES_AGGRESSIVE;
				GCC_WARN_UNUSED_FUNCTION = YES;
				GCC_WARN_UNUSED_VARIABLE = YES;
				IPHONEOS_DEPLOYMENT_TARGET = 9.0;
				MTL_ENABLE_DEBUG_INFO = YES;
				ONLY_ACTIVE_ARCH = YES;
				SDKROOT = iphoneos;
			};
			name = Debug;
		};
		DC638AD32057B21300846CEF /* Release */ = {
			isa = XCBuildConfiguration;
			buildSettings = {
				ALWAYS_SEARCH_USER_PATHS = NO;
				CLANG_ANALYZER_NONNULL = YES;
				CLANG_ANALYZER_NUMBER_OBJECT_CONVERSION = YES_AGGRESSIVE;
				CLANG_CXX_LANGUAGE_STANDARD = "gnu++14";
				CLANG_CXX_LIBRARY = "libc++";
				CLANG_ENABLE_MODULES = YES;
				CLANG_ENABLE_OBJC_ARC = YES;
				CLANG_WARN_BLOCK_CAPTURE_AUTORELEASING = YES;
				CLANG_WARN_BOOL_CONVERSION = YES;
				CLANG_WARN_COMMA = YES;
				CLANG_WARN_CONSTANT_CONVERSION = YES;
				CLANG_WARN_DIRECT_OBJC_ISA_USAGE = YES_ERROR;
				CLANG_WARN_DOCUMENTATION_COMMENTS = YES;
				CLANG_WARN_EMPTY_BODY = YES;
				CLANG_WARN_ENUM_CONVERSION = YES;
				CLANG_WARN_INFINITE_RECURSION = YES;
				CLANG_WARN_INT_CONVERSION = YES;
				CLANG_WARN_NON_LITERAL_NULL_CONVERSION = YES;
				CLANG_WARN_OBJC_LITERAL_CONVERSION = YES;
				CLANG_WARN_OBJC_ROOT_CLASS = YES_ERROR;
				CLANG_WARN_RANGE_LOOP_ANALYSIS = YES;
				CLANG_WARN_STRICT_PROTOTYPES = YES;
				CLANG_WARN_SUSPICIOUS_MOVE = YES;
				CLANG_WARN_UNGUARDED_AVAILABILITY = YES_AGGRESSIVE;
				CLANG_WARN_UNREACHABLE_CODE = YES;
				CLANG_WARN__DUPLICATE_METHOD_MATCH = YES;
				CODE_SIGN_IDENTITY = "iPhone Developer";
				COPY_PHASE_STRIP = NO;
				DEBUG_INFORMATION_FORMAT = "dwarf-with-dsym";
				ENABLE_NS_ASSERTIONS = NO;
				ENABLE_STRICT_OBJC_MSGSEND = YES;
				GCC_C_LANGUAGE_STANDARD = gnu11;
				GCC_NO_COMMON_BLOCKS = YES;
				GCC_WARN_64_TO_32_BIT_CONVERSION = YES;
				GCC_WARN_ABOUT_RETURN_TYPE = YES_ERROR;
				GCC_WARN_UNDECLARED_SELECTOR = YES;
				GCC_WARN_UNINITIALIZED_AUTOS = YES_AGGRESSIVE;
				GCC_WARN_UNUSED_FUNCTION = YES;
				GCC_WARN_UNUSED_VARIABLE = YES;
				IPHONEOS_DEPLOYMENT_TARGET = 9.0;
				MTL_ENABLE_DEBUG_INFO = NO;
				SDKROOT = iphoneos;
				VALIDATE_PRODUCT = YES;
			};
			name = Release;
		};
		DC638AD52057B21300846CEF /* Debug */ = {
			isa = XCBuildConfiguration;
			baseConfigurationReference = 62705108B9114CA85A66DF05 /* Pods-PXHelperDemo.debug.xcconfig */;
			buildSettings = {
				ASSETCATALOG_COMPILER_APPICON_NAME = AppIcon;
				CODE_SIGN_STYLE = Automatic;
				DEVELOPMENT_TEAM = HGA4995V4J;
				INFOPLIST_FILE = PXHelperDemo/Info.plist;
				IPHONEOS_DEPLOYMENT_TARGET = 9.0;
				LD_RUNPATH_SEARCH_PATHS = "$(inherited) @executable_path/Frameworks";
				PRODUCT_BUNDLE_IDENTIFIER = JN.PuXin.PXHelperDemo;
				PRODUCT_NAME = "$(TARGET_NAME)";
				TARGETED_DEVICE_FAMILY = 2;
			};
			name = Debug;
		};
		DC638AD62057B21300846CEF /* Release */ = {
			isa = XCBuildConfiguration;
			baseConfigurationReference = 46544029889E7E3089C90FB0 /* Pods-PXHelperDemo.release.xcconfig */;
			buildSettings = {
				ASSETCATALOG_COMPILER_APPICON_NAME = AppIcon;
				CODE_SIGN_STYLE = Automatic;
				DEVELOPMENT_TEAM = HGA4995V4J;
				INFOPLIST_FILE = PXHelperDemo/Info.plist;
				IPHONEOS_DEPLOYMENT_TARGET = 9.0;
				LD_RUNPATH_SEARCH_PATHS = "$(inherited) @executable_path/Frameworks";
				PRODUCT_BUNDLE_IDENTIFIER = JN.PuXin.PXHelperDemo;
				PRODUCT_NAME = "$(TARGET_NAME)";
				TARGETED_DEVICE_FAMILY = 2;
			};
			name = Release;
		};
		DC638AD82057B21300846CEF /* Debug */ = {
			isa = XCBuildConfiguration;
			buildSettings = {
				BUNDLE_LOADER = "$(TEST_HOST)";
				CODE_SIGN_STYLE = Automatic;
				DEVELOPMENT_TEAM = HGA4995V4J;
				INFOPLIST_FILE = PXHelperDemoTests/Info.plist;
				LD_RUNPATH_SEARCH_PATHS = "$(inherited) @executable_path/Frameworks @loader_path/Frameworks";
				PRODUCT_BUNDLE_IDENTIFIER = JN.PuXin.PXHelperDemoTests;
				PRODUCT_NAME = "$(TARGET_NAME)";
				TARGETED_DEVICE_FAMILY = "1,2";
				TEST_HOST = "$(BUILT_PRODUCTS_DIR)/PXHelperDemo.app/PXHelperDemo";
			};
			name = Debug;
		};
		DC638AD92057B21300846CEF /* Release */ = {
			isa = XCBuildConfiguration;
			buildSettings = {
				BUNDLE_LOADER = "$(TEST_HOST)";
				CODE_SIGN_STYLE = Automatic;
				DEVELOPMENT_TEAM = HGA4995V4J;
				INFOPLIST_FILE = PXHelperDemoTests/Info.plist;
				LD_RUNPATH_SEARCH_PATHS = "$(inherited) @executable_path/Frameworks @loader_path/Frameworks";
				PRODUCT_BUNDLE_IDENTIFIER = JN.PuXin.PXHelperDemoTests;
				PRODUCT_NAME = "$(TARGET_NAME)";
				TARGETED_DEVICE_FAMILY = "1,2";
				TEST_HOST = "$(BUILT_PRODUCTS_DIR)/PXHelperDemo.app/PXHelperDemo";
			};
			name = Release;
		};
		DC638ADB2057B21300846CEF /* Debug */ = {
			isa = XCBuildConfiguration;
			buildSettings = {
				CODE_SIGN_STYLE = Automatic;
				DEVELOPMENT_TEAM = HGA4995V4J;
				INFOPLIST_FILE = PXHelperDemoUITests/Info.plist;
				LD_RUNPATH_SEARCH_PATHS = "$(inherited) @executable_path/Frameworks @loader_path/Frameworks";
				PRODUCT_BUNDLE_IDENTIFIER = JN.PuXin.PXHelperDemoUITests;
				PRODUCT_NAME = "$(TARGET_NAME)";
				TARGETED_DEVICE_FAMILY = "1,2";
				TEST_TARGET_NAME = PXHelperDemo;
			};
			name = Debug;
		};
		DC638ADC2057B21300846CEF /* Release */ = {
			isa = XCBuildConfiguration;
			buildSettings = {
				CODE_SIGN_STYLE = Automatic;
				DEVELOPMENT_TEAM = HGA4995V4J;
				INFOPLIST_FILE = PXHelperDemoUITests/Info.plist;
				LD_RUNPATH_SEARCH_PATHS = "$(inherited) @executable_path/Frameworks @loader_path/Frameworks";
				PRODUCT_BUNDLE_IDENTIFIER = JN.PuXin.PXHelperDemoUITests;
				PRODUCT_NAME = "$(TARGET_NAME)";
				TARGETED_DEVICE_FAMILY = "1,2";
				TEST_TARGET_NAME = PXHelperDemo;
			};
			name = Release;
		};
/* End XCBuildConfiguration section */

/* Begin XCConfigurationList section */
		DC638AA32057B21300846CEF /* Build configuration list for PBXProject "PXHelperDemo" */ = {
			isa = XCConfigurationList;
			buildConfigurations = (
				DC638AD22057B21300846CEF /* Debug */,
				DC638AD32057B21300846CEF /* Release */,
			);
			defaultConfigurationIsVisible = 0;
			defaultConfigurationName = Release;
		};
		DC638AD42057B21300846CEF /* Build configuration list for PBXNativeTarget "PXHelperDemo" */ = {
			isa = XCConfigurationList;
			buildConfigurations = (
				DC638AD52057B21300846CEF /* Debug */,
				DC638AD62057B21300846CEF /* Release */,
			);
			defaultConfigurationIsVisible = 0;
			defaultConfigurationName = Release;
		};
		DC638AD72057B21300846CEF /* Build configuration list for PBXNativeTarget "PXHelperDemoTests" */ = {
			isa = XCConfigurationList;
			buildConfigurations = (
				DC638AD82057B21300846CEF /* Debug */,
				DC638AD92057B21300846CEF /* Release */,
			);
			defaultConfigurationIsVisible = 0;
			defaultConfigurationName = Release;
		};
		DC638ADA2057B21300846CEF /* Build configuration list for PBXNativeTarget "PXHelperDemoUITests" */ = {
			isa = XCConfigurationList;
			buildConfigurations = (
				DC638ADB2057B21300846CEF /* Debug */,
				DC638ADC2057B21300846CEF /* Release */,
			);
			defaultConfigurationIsVisible = 0;
			defaultConfigurationName = Release;
		};
/* End XCConfigurationList section */
	};
	rootObject = DC638AA02057B21300846CEF /* Project object */;
}
